
Microsoft Visual Studio Solution File, Format Version 12.00
# Visual Studio Version 16
VisualStudioVersion = 16.0.32929.386
MinimumVisualStudioVersion = 10.0.40219.1
Project("{FAE04EC0-301F-11D3-BF4B-00C04F79EFBC}") = "Group_21_Company_selfservice_tool", "Group_21_Company_selfservice_tool.csproj", "{1DBAAF87-B2A9-4343-9F85-060E92C44E2B}"
EndProject
Global
	GlobalSection(SolutionConfigurationPlatforms) = preSolution
		Debug|Any CPU = Debug|Any CPU
		Release|Any CPU = Release|Any CPU
	EndGlobalSection
	GlobalSection(ProjectConfigurationPlatforms) = postSolution
		{1DBAAF87-B2A9-4343-9F85-060E92C44E2B}.Debug|Any CPU.ActiveCfg = Debug|Any CPU
		{1DBAAF87-B2A9-4343-9F85-060E92C44E2B}.Debug|Any CPU.Build.0 = Debug|Any CPU
		{1DBAAF87-B2A9-4343-9F85-060E92C44E2B}.Release|Any CPU.ActiveCfg = Release|Any CPU
		{1DBAAF87-B2A9-4343-9F85-060E92C44E2B}.Release|Any CPU.Build.0 = Release|Any CPU
	EndGlobalSection
	GlobalSection(SolutionProperties) = preSolution
		HideSolutionNode = FALSE
	EndGlobalSection
	GlobalSection(ExtensibilityGlobals) = postSolution
		SolutionGuid = {FA516142-A5BA-4F57-8C9D-954AE0B79A3C}
	EndGlobalSection
EndGlobal
